// !$*UTF8*$!
{
	archiveVersion = 1;
	classes = {
	};
	objectVersion = 56;
	objects = {

/* Begin PBXBuildFile section */
		D53A230F29AEE0AC00DD4E61 /* MovieDBApp.swift in Sources */ = {isa = PBXBuildFile; fileRef = D53A230E29AEE0AC00DD4E61 /* MovieDBApp.swift */; };
		D53A231129AEE0AC00DD4E61 /* ContentView.swift in Sources */ = {isa = PBXBuildFile; fileRef = D53A231029AEE0AC00DD4E61 /* ContentView.swift */; };
		D53A231329AEE0AD00DD4E61 /* Assets.xcassets in Resources */ = {isa = PBXBuildFile; fileRef = D53A231229AEE0AD00DD4E61 /* Assets.xcassets */; };
		D53A231629AEE0AD00DD4E61 /* Preview Assets.xcassets in Resources */ = {isa = PBXBuildFile; fileRef = D53A231529AEE0AD00DD4E61 /* Preview Assets.xcassets */; };
		D53A232029AEE0AD00DD4E61 /* MovieDBTests.swift in Sources */ = {isa = PBXBuildFile; fileRef = D53A231F29AEE0AD00DD4E61 /* MovieDBTests.swift */; };
		D53A232A29AEE0AD00DD4E61 /* MovieDBUITests.swift in Sources */ = {isa = PBXBuildFile; fileRef = D53A232929AEE0AD00DD4E61 /* MovieDBUITests.swift */; };
		D53A232C29AEE0AD00DD4E61 /* MovieDBUITestsLaunchTests.swift in Sources */ = {isa = PBXBuildFile; fileRef = D53A232B29AEE0AD00DD4E61 /* MovieDBUITestsLaunchTests.swift */; };
		D58D4CB729B00E750075F253 /* MovieResponse.swift in Sources */ = {isa = PBXBuildFile; fileRef = D58D4CB629B00E750075F253 /* MovieResponse.swift */; };
		D58D4CB929B00F160075F253 /* MovieResult.swift in Sources */ = {isa = PBXBuildFile; fileRef = D58D4CB829B00F160075F253 /* MovieResult.swift */; };
		D58D4CBB29B011840075F253 /* API.swift in Sources */ = {isa = PBXBuildFile; fileRef = D58D4CBA29B011840075F253 /* API.swift */; };
		D58D4CBD29B015EA0075F253 /* MovieViewModel.swift in Sources */ = {isa = PBXBuildFile; fileRef = D58D4CBC29B015EA0075F253 /* MovieViewModel.swift */; };
		D5C896D529B13D510068AA4C /* MovieView.swift in Sources */ = {isa = PBXBuildFile; fileRef = D5C896D429B13D510068AA4C /* MovieView.swift */; };
		D5C896D729B13EDA0068AA4C /* TvView.swift in Sources */ = {isa = PBXBuildFile; fileRef = D5C896D629B13EDA0068AA4C /* TvView.swift */; };
		D5C896D929B151200068AA4C /* MovieListView.swift in Sources */ = {isa = PBXBuildFile; fileRef = D5C896D829B151200068AA4C /* MovieListView.swift */; };
		D5C896DB29B156500068AA4C /* PosterImageView.swift in Sources */ = {isa = PBXBuildFile; fileRef = D5C896DA29B156500068AA4C /* PosterImageView.swift */; };
		D5C896DD29B156C30068AA4C /* DetailsView.swift in Sources */ = {isa = PBXBuildFile; fileRef = D5C896DC29B156C30068AA4C /* DetailsView.swift */; };
		D5C896DF29B164B40068AA4C /* MovieGenreView.swift in Sources */ = {isa = PBXBuildFile; fileRef = D5C896DE29B164B40068AA4C /* MovieGenreView.swift */; };
		D5C896E729B16F6B0068AA4C /* TvListView.swift in Sources */ = {isa = PBXBuildFile; fileRef = D5C896E629B16F6B0068AA4C /* TvListView.swift */; };
/* End PBXBuildFile section */

/* Begin PBXContainerItemProxy section */
		D53A231C29AEE0AD00DD4E61 /* PBXContainerItemProxy */ = {
			isa = PBXContainerItemProxy;
			containerPortal = D53A230329AEE0AC00DD4E61 /* Project object */;
			proxyType = 1;
			remoteGlobalIDString = D53A230A29AEE0AC00DD4E61;
			remoteInfo = MovieDB;
		};
		D53A232629AEE0AD00DD4E61 /* PBXContainerItemProxy */ = {
			isa = PBXContainerItemProxy;
			containerPortal = D53A230329AEE0AC00DD4E61 /* Project object */;
			proxyType = 1;
			remoteGlobalIDString = D53A230A29AEE0AC00DD4E61;
			remoteInfo = MovieDB;
		};
/* End PBXContainerItemProxy section */

/* Begin PBXFileReference section */
		D53A230B29AEE0AC00DD4E61 /* MovieDB.app */ = {isa = PBXFileReference; explicitFileType = wrapper.application; includeInIndex = 0; path = MovieDB.app; sourceTree = BUILT_PRODUCTS_DIR; };
		D53A230E29AEE0AC00DD4E61 /* MovieDBApp.swift */ = {isa = PBXFileReference; lastKnownFileType = sourcecode.swift; path = MovieDBApp.swift; sourceTree = "<group>"; };
		D53A231029AEE0AC00DD4E61 /* ContentView.swift */ = {isa = PBXFileReference; lastKnownFileType = sourcecode.swift; path = ContentView.swift; sourceTree = "<group>"; };
		D53A231229AEE0AD00DD4E61 /* Assets.xcassets */ = {isa = PBXFileReference; lastKnownFileType = folder.assetcatalog; path = Assets.xcassets; sourceTree = "<group>"; };
		D53A231529AEE0AD00DD4E61 /* Preview Assets.xcassets */ = {isa = PBXFileReference; lastKnownFileType = folder.assetcatalog; path = "Preview Assets.xcassets"; sourceTree = "<group>"; };
		D53A231B29AEE0AD00DD4E61 /* MovieDBTests.xctest */ = {isa = PBXFileReference; explicitFileType = wrapper.cfbundle; includeInIndex = 0; path = MovieDBTests.xctest; sourceTree = BUILT_PRODUCTS_DIR; };
		D53A231F29AEE0AD00DD4E61 /* MovieDBTests.swift */ = {isa = PBXFileReference; lastKnownFileType = sourcecode.swift; path = MovieDBTests.swift; sourceTree = "<group>"; };
		D53A232529AEE0AD00DD4E61 /* MovieDBUITests.xctest */ = {isa = PBXFileReference; explicitFileType = wrapper.cfbundle; includeInIndex = 0; path = MovieDBUITests.xctest; sourceTree = BUILT_PRODUCTS_DIR; };
		D53A232929AEE0AD00DD4E61 /* MovieDBUITests.swift */ = {isa = PBXFileReference; lastKnownFileType = sourcecode.swift; path = MovieDBUITests.swift; sourceTree = "<group>"; };
		D53A232B29AEE0AD00DD4E61 /* MovieDBUITestsLaunchTests.swift */ = {isa = PBXFileReference; lastKnownFileType = sourcecode.swift; path = MovieDBUITestsLaunchTests.swift; sourceTree = "<group>"; };
		D587E22329AEE514000FBE1C /* README.md */ = {isa = PBXFileReference; lastKnownFileType = net.daringfireball.markdown; path = README.md; sourceTree = "<group>"; };
		D58D4CB629B00E750075F253 /* MovieResponse.swift */ = {isa = PBXFileReference; lastKnownFileType = sourcecode.swift; path = MovieResponse.swift; sourceTree = "<group>"; };
		D58D4CB829B00F160075F253 /* MovieResult.swift */ = {isa = PBXFileReference; lastKnownFileType = sourcecode.swift; path = MovieResult.swift; sourceTree = "<group>"; };
		D58D4CBA29B011840075F253 /* API.swift */ = {isa = PBXFileReference; lastKnownFileType = sourcecode.swift; path = API.swift; sourceTree = "<group>"; };
		D58D4CBC29B015EA0075F253 /* MovieViewModel.swift */ = {isa = PBXFileReference; lastKnownFileType = sourcecode.swift; path = MovieViewModel.swift; sourceTree = "<group>"; };
		D5C896D429B13D510068AA4C /* MovieView.swift */ = {isa = PBXFileReference; lastKnownFileType = sourcecode.swift; path = MovieView.swift; sourceTree = "<group>"; };
		D5C896D629B13EDA0068AA4C /* TvView.swift */ = {isa = PBXFileReference; lastKnownFileType = sourcecode.swift; path = TvView.swift; sourceTree = "<group>"; };
		D5C896D829B151200068AA4C /* MovieListView.swift */ = {isa = PBXFileReference; lastKnownFileType = sourcecode.swift; path = MovieListView.swift; sourceTree = "<group>"; };
		D5C896DA29B156500068AA4C /* PosterImageView.swift */ = {isa = PBXFileReference; lastKnownFileType = sourcecode.swift; path = PosterImageView.swift; sourceTree = "<group>"; };
		D5C896DC29B156C30068AA4C /* DetailsView.swift */ = {isa = PBXFileReference; lastKnownFileType = sourcecode.swift; path = DetailsView.swift; sourceTree = "<group>"; };
		D5C896DE29B164B40068AA4C /* MovieGenreView.swift */ = {isa = PBXFileReference; lastKnownFileType = sourcecode.swift; path = MovieGenreView.swift; sourceTree = "<group>"; };
		D5C896E629B16F6B0068AA4C /* TvListView.swift */ = {isa = PBXFileReference; lastKnownFileType = sourcecode.swift; path = TvListView.swift; sourceTree = "<group>"; };
/* End PBXFileReference section */

/* Begin PBXFrameworksBuildPhase section */
		D53A230829AEE0AC00DD4E61 /* Frameworks */ = {
			isa = PBXFrameworksBuildPhase;
			buildActionMask = 2147483647;
			files = (
			);
			runOnlyForDeploymentPostprocessing = 0;
		};
		D53A231829AEE0AD00DD4E61 /* Frameworks */ = {
			isa = PBXFrameworksBuildPhase;
			buildActionMask = 2147483647;
			files = (
			);
			runOnlyForDeploymentPostprocessing = 0;
		};
		D53A232229AEE0AD00DD4E61 /* Frameworks */ = {
			isa = PBXFrameworksBuildPhase;
			buildActionMask = 2147483647;
			files = (
			);
			runOnlyForDeploymentPostprocessing = 0;
		};
/* End PBXFrameworksBuildPhase section */

/* Begin PBXGroup section */
		D53A230229AEE0AC00DD4E61 = {
			isa = PBXGroup;
			children = (
				D587E22329AEE514000FBE1C /* README.md */,
				D53A230D29AEE0AC00DD4E61 /* MovieDB */,
				D53A231E29AEE0AD00DD4E61 /* MovieDBTests */,
				D53A232829AEE0AD00DD4E61 /* MovieDBUITests */,
				D53A230C29AEE0AC00DD4E61 /* Products */,
			);
			sourceTree = "<group>";
		};
		D53A230C29AEE0AC00DD4E61 /* Products */ = {
			isa = PBXGroup;
			children = (
				D53A230B29AEE0AC00DD4E61 /* MovieDB.app */,
				D53A231B29AEE0AD00DD4E61 /* MovieDBTests.xctest */,
				D53A232529AEE0AD00DD4E61 /* MovieDBUITests.xctest */,
			);
			name = Products;
			sourceTree = "<group>";
		};
		D53A230D29AEE0AC00DD4E61 /* MovieDB */ = {
			isa = PBXGroup;
			children = (
				D58D4CB529B00DEE0075F253 /* Models */,
				D58D4CB429B00DDD0075F253 /* Views */,
				D58D4CB329B00D9E0075F253 /* ViewModel */,
				D58D4CB229B00D8F0075F253 /* Networking */,
				D53A230E29AEE0AC00DD4E61 /* MovieDBApp.swift */,
				D53A231229AEE0AD00DD4E61 /* Assets.xcassets */,
				D53A231429AEE0AD00DD4E61 /* Preview Content */,
			);
			path = MovieDB;
			sourceTree = "<group>";
		};
		D53A231429AEE0AD00DD4E61 /* Preview Content */ = {
			isa = PBXGroup;
			children = (
				D53A231529AEE0AD00DD4E61 /* Preview Assets.xcassets */,
			);
			path = "Preview Content";
			sourceTree = "<group>";
		};
		D53A231E29AEE0AD00DD4E61 /* MovieDBTests */ = {
			isa = PBXGroup;
			children = (
				D53A231F29AEE0AD00DD4E61 /* MovieDBTests.swift */,
			);
			path = MovieDBTests;
			sourceTree = "<group>";
		};
		D53A232829AEE0AD00DD4E61 /* MovieDBUITests */ = {
			isa = PBXGroup;
			children = (
				D53A232929AEE0AD00DD4E61 /* MovieDBUITests.swift */,
				D53A232B29AEE0AD00DD4E61 /* MovieDBUITestsLaunchTests.swift */,
			);
			path = MovieDBUITests;
			sourceTree = "<group>";
		};
		D58D4CB229B00D8F0075F253 /* Networking */ = {
			isa = PBXGroup;
			children = (
				D58D4CBA29B011840075F253 /* API.swift */,
			);
			path = Networking;
			sourceTree = "<group>";
		};
		D58D4CB329B00D9E0075F253 /* ViewModel */ = {
			isa = PBXGroup;
			children = (
				D58D4CBC29B015EA0075F253 /* MovieViewModel.swift */,
			);
			path = ViewModel;
			sourceTree = "<group>";
		};
		D58D4CB429B00DDD0075F253 /* Views */ = {
			isa = PBXGroup;
			children = (
				D53A231029AEE0AC00DD4E61 /* ContentView.swift */,
				D5C896D429B13D510068AA4C /* MovieView.swift */,
				D5C896D629B13EDA0068AA4C /* TvView.swift */,
				D5C896D829B151200068AA4C /* MovieListView.swift */,
				D5C896DA29B156500068AA4C /* PosterImageView.swift */,
				D5C896DC29B156C30068AA4C /* DetailsView.swift */,
				D5C896DE29B164B40068AA4C /* MovieGenreView.swift */,
				D5C896E629B16F6B0068AA4C /* TvListView.swift */,
			);
			path = Views;
			sourceTree = "<group>";
		};
		D58D4CB529B00DEE0075F253 /* Models */ = {
			isa = PBXGroup;
			children = (
				D58D4CB629B00E750075F253 /* MovieResponse.swift */,
				D58D4CB829B00F160075F253 /* MovieResult.swift */,
			);
			path = Models;
			sourceTree = "<group>";
		};
/* End PBXGroup section */

/* Begin PBXNativeTarget section */
		D53A230A29AEE0AC00DD4E61 /* MovieDB */ = {
			isa = PBXNativeTarget;
			buildConfigurationList = D53A232F29AEE0AD00DD4E61 /* Build configuration list for PBXNativeTarget "MovieDB" */;
			buildPhases = (
				D53A230729AEE0AC00DD4E61 /* Sources */,
				D53A230829AEE0AC00DD4E61 /* Frameworks */,
				D53A230929AEE0AC00DD4E61 /* Resources */,
			);
			buildRules = (
			);
			dependencies = (
			);
			name = MovieDB;
			productName = MovieDB;
			productReference = D53A230B29AEE0AC00DD4E61 /* MovieDB.app */;
			productType = "com.apple.product-type.application";
		};
		D53A231A29AEE0AD00DD4E61 /* MovieDBTests */ = {
			isa = PBXNativeTarget;
			buildConfigurationList = D53A233229AEE0AD00DD4E61 /* Build configuration list for PBXNativeTarget "MovieDBTests" */;
			buildPhases = (
				D53A231729AEE0AD00DD4E61 /* Sources */,
				D53A231829AEE0AD00DD4E61 /* Frameworks */,
				D53A231929AEE0AD00DD4E61 /* Resources */,
			);
			buildRules = (
			);
			dependencies = (
				D53A231D29AEE0AD00DD4E61 /* PBXTargetDependency */,
			);
			name = MovieDBTests;
			productName = MovieDBTests;
			productReference = D53A231B29AEE0AD00DD4E61 /* MovieDBTests.xctest */;
			productType = "com.apple.product-type.bundle.unit-test";
		};
		D53A232429AEE0AD00DD4E61 /* MovieDBUITests */ = {
			isa = PBXNativeTarget;
			buildConfigurationList = D53A233529AEE0AD00DD4E61 /* Build configuration list for PBXNativeTarget "MovieDBUITests" */;
			buildPhases = (
				D53A232129AEE0AD00DD4E61 /* Sources */,
				D53A232229AEE0AD00DD4E61 /* Frameworks */,
				D53A232329AEE0AD00DD4E61 /* Resources */,
			);
			buildRules = (
			);
			dependencies = (
				D53A232729AEE0AD00DD4E61 /* PBXTargetDependency */,
			);
			name = MovieDBUITests;
			productName = MovieDBUITests;
			productReference = D53A232529AEE0AD00DD4E61 /* MovieDBUITests.xctest */;
			productType = "com.apple.product-type.bundle.ui-testing";
		};
/* End PBXNativeTarget section */

/* Begin PBXProject section */
		D53A230329AEE0AC00DD4E61 /* Project object */ = {
			isa = PBXProject;
			attributes = {
				BuildIndependentTargetsInParallel = 1;
				LastSwiftUpdateCheck = 1420;
				LastUpgradeCheck = 1420;
				TargetAttributes = {
					D53A230A29AEE0AC00DD4E61 = {
						CreatedOnToolsVersion = 14.2;
					};
					D53A231A29AEE0AD00DD4E61 = {
						CreatedOnToolsVersion = 14.2;
						TestTargetID = D53A230A29AEE0AC00DD4E61;
					};
					D53A232429AEE0AD00DD4E61 = {
						CreatedOnToolsVersion = 14.2;
						TestTargetID = D53A230A29AEE0AC00DD4E61;
					};
				};
			};
			buildConfigurationList = D53A230629AEE0AC00DD4E61 /* Build configuration list for PBXProject "MovieDB" */;
			compatibilityVersion = "Xcode 14.0";
			developmentRegion = en;
			hasScannedForEncodings = 0;
			knownRegions = (
				en,
				Base,
			);
			mainGroup = D53A230229AEE0AC00DD4E61;
			productRefGroup = D53A230C29AEE0AC00DD4E61 /* Products */;
			projectDirPath = "";
			projectRoot = "";
			targets = (
				D53A230A29AEE0AC00DD4E61 /* MovieDB */,
				D53A231A29AEE0AD00DD4E61 /* MovieDBTests */,
				D53A232429AEE0AD00DD4E61 /* MovieDBUITests */,
			);
		};
/* End PBXProject section */

/* Begin PBXResourcesBuildPhase section */
		D53A230929AEE0AC00DD4E61 /* Resources */ = {
			isa = PBXResourcesBuildPhase;
			buildActionMask = 2147483647;
			files = (
				D53A231629AEE0AD00DD4E61 /* Preview Assets.xcassets in Resources */,
				D53A231329AEE0AD00DD4E61 /* Assets.xcassets in Resources */,
			);
			runOnlyForDeploymentPostprocessing = 0;
		};
		D53A231929AEE0AD00DD4E61 /* Resources */ = {
			isa = PBXResourcesBuildPhase;
			buildActionMask = 2147483647;
			files = (
			);
			runOnlyForDeploymentPostprocessing = 0;
		};
		D53A232329AEE0AD00DD4E61 /* Resources */ = {
			isa = PBXResourcesBuildPhase;
			buildActionMask = 2147483647;
			files = (
			);
			runOnlyForDeploymentPostprocessing = 0;
		};
/* End PBXResourcesBuildPhase section */

/* Begin PBXSourcesBuildPhase section */
		D53A230729AEE0AC00DD4E61 /* Sources */ = {
			isa = PBXSourcesBuildPhase;
			buildActionMask = 2147483647;
			files = (
				D58D4CB729B00E750075F253 /* MovieResponse.swift in Sources */,
				D53A231129AEE0AC00DD4E61 /* ContentView.swift in Sources */,
				D5C896E729B16F6B0068AA4C /* TvListView.swift in Sources */,
				D5C896DD29B156C30068AA4C /* DetailsView.swift in Sources */,
				D5C896D929B151200068AA4C /* MovieListView.swift in Sources */,
				D58D4CB929B00F160075F253 /* MovieResult.swift in Sources */,
				D5C896D729B13EDA0068AA4C /* TvView.swift in Sources */,
				D53A230F29AEE0AC00DD4E61 /* MovieDBApp.swift in Sources */,
				D58D4CBB29B011840075F253 /* API.swift in Sources */,
				D5C896D529B13D510068AA4C /* MovieView.swift in Sources */,
				D58D4CBD29B015EA0075F253 /* MovieViewModel.swift in Sources */,
				D5C896DB29B156500068AA4C /* PosterImageView.swift in Sources */,
				D5C896DF29B164B40068AA4C /* MovieGenreView.swift in Sources */,
			);
			runOnlyForDeploymentPostprocessing = 0;
		};
		D53A231729AEE0AD00DD4E61 /* Sources */ = {
			isa = PBXSourcesBuildPhase;
			buildActionMask = 2147483647;
			files = (
				D53A232029AEE0AD00DD4E61 /* MovieDBTests.swift in Sources */,
			);
			runOnlyForDeploymentPostprocessing = 0;
		};
		D53A232129AEE0AD00DD4E61 /* Sources */ = {
			isa = PBXSourcesBuildPhase;
			buildActionMask = 2147483647;
			files = (
				D53A232A29AEE0AD00DD4E61 /* MovieDBUITests.swift in Sources */,
				D53A232C29AEE0AD00DD4E61 /* MovieDBUITestsLaunchTests.swift in Sources */,
			);
			runOnlyForDeploymentPostprocessing = 0;
		};
/* End PBXSourcesBuildPhase section */

/* Begin PBXTargetDependency section */
		D53A231D29AEE0AD00DD4E61 /* PBXTargetDependency */ = {
			isa = PBXTargetDependency;
			target = D53A230A29AEE0AC00DD4E61 /* MovieDB */;
			targetProxy = D53A231C29AEE0AD00DD4E61 /* PBXContainerItemProxy */;
		};
		D53A232729AEE0AD00DD4E61 /* PBXTargetDependency */ = {
			isa = PBXTargetDependency;
			target = D53A230A29AEE0AC00DD4E61 /* MovieDB */;
			targetProxy = D53A232629AEE0AD00DD4E61 /* PBXContainerItemProxy */;
		};
/* End PBXTargetDependency section */

/* Begin XCBuildConfiguration section */
		D53A232D29AEE0AD00DD4E61 /* Debug */ = {
			isa = XCBuildConfiguration;
			buildSettings = {
				ALWAYS_SEARCH_USER_PATHS = NO;
				CLANG_ANALYZER_NONNULL = YES;
				CLANG_ANALYZER_NUMBER_OBJECT_CONVERSION = YES_AGGRESSIVE;
				CLANG_CXX_LANGUAGE_STANDARD = "gnu++20";
				CLANG_ENABLE_MODULES = YES;
				CLANG_ENABLE_OBJC_ARC = YES;
				CLANG_ENABLE_OBJC_WEAK = YES;
				CLANG_WARN_BLOCK_CAPTURE_AUTORELEASING = YES;
				CLANG_WARN_BOOL_CONVERSION = YES;
				CLANG_WARN_COMMA = YES;
				CLANG_WARN_CONSTANT_CONVERSION = YES;
				CLANG_WARN_DEPRECATED_OBJC_IMPLEMENTATIONS = YES;
				CLANG_WARN_DIRECT_OBJC_ISA_USAGE = YES_ERROR;
				CLANG_WARN_DOCUMENTATION_COMMENTS = YES;
				CLANG_WARN_EMPTY_BODY = YES;
				CLANG_WARN_ENUM_CONVERSION = YES;
				CLANG_WARN_INFINITE_RECURSION = YES;
				CLANG_WARN_INT_CONVERSION = YES;
				CLANG_WARN_NON_LITERAL_NULL_CONVERSION = YES;
				CLANG_WARN_OBJC_IMPLICIT_RETAIN_SELF = YES;
				CLANG_WARN_OBJC_LITERAL_CONVERSION = YES;
				CLANG_WARN_OBJC_ROOT_CLASS = YES_ERROR;
				CLANG_WARN_QUOTED_INCLUDE_IN_FRAMEWORK_HEADER = YES;
				CLANG_WARN_RANGE_LOOP_ANALYSIS = YES;
				CLANG_WARN_STRICT_PROTOTYPES = YES;
				CLANG_WARN_SUSPICIOUS_MOVE = YES;
				CLANG_WARN_UNGUARDED_AVAILABILITY = YES_AGGRESSIVE;
				CLANG_WARN_UNREACHABLE_CODE = YES;
				CLANG_WARN__DUPLICATE_METHOD_MATCH = YES;
				COPY_PHASE_STRIP = NO;
				DEBUG_INFORMATION_FORMAT = dwarf;
				ENABLE_STRICT_OBJC_MSGSEND = YES;
				ENABLE_TESTABILITY = YES;
				GCC_C_LANGUAGE_STANDARD = gnu11;
				GCC_DYNAMIC_NO_PIC = NO;
				GCC_NO_COMMON_BLOCKS = YES;
				GCC_OPTIMIZATION_LEVEL = 0;
				GCC_PREPROCESSOR_DEFINITIONS = (
					"DEBUG=1",
					"$(inherited)",
				);
				GCC_WARN_64_TO_32_BIT_CONVERSION = YES;
				GCC_WARN_ABOUT_RETURN_TYPE = YES_ERROR;
				GCC_WARN_UNDECLARED_SELECTOR = YES;
				GCC_WARN_UNINITIALIZED_AUTOS = YES_AGGRESSIVE;
				GCC_WARN_UNUSED_FUNCTION = YES;
				GCC_WARN_UNUSED_VARIABLE = YES;
				IPHONEOS_DEPLOYMENT_TARGET = 16.2;
				MTL_ENABLE_DEBUG_INFO = INCLUDE_SOURCE;
				MTL_FAST_MATH = YES;
				ONLY_ACTIVE_ARCH = YES;
				SDKROOT = iphoneos;
				SWIFT_ACTIVE_COMPILATION_CONDITIONS = DEBUG;
				SWIFT_OPTIMIZATION_LEVEL = "-Onone";
			};
			name = Debug;
		};
		D53A232E29AEE0AD00DD4E61 /* Release */ = {
			isa = XCBuildConfiguration;
			buildSettings = {
				ALWAYS_SEARCH_USER_PATHS = NO;
				CLANG_ANALYZER_NONNULL = YES;
				CLANG_ANALYZER_NUMBER_OBJECT_CONVERSION = YES_AGGRESSIVE;
				CLANG_CXX_LANGUAGE_STANDARD = "gnu++20";
				CLANG_ENABLE_MODULES = YES;
				CLANG_ENABLE_OBJC_ARC = YES;
				CLANG_ENABLE_OBJC_WEAK = YES;
				CLANG_WARN_BLOCK_CAPTURE_AUTORELEASING = YES;
				CLANG_WARN_BOOL_CONVERSION = YES;
				CLANG_WARN_COMMA = YES;
				CLANG_WARN_CONSTANT_CONVERSION = YES;
				CLANG_WARN_DEPRECATED_OBJC_IMPLEMENTATIONS = YES;
				CLANG_WARN_DIRECT_OBJC_ISA_USAGE = YES_ERROR;
				CLANG_WARN_DOCUMENTATION_COMMENTS = YES;
				CLANG_WARN_EMPTY_BODY = YES;
				CLANG_WARN_ENUM_CONVERSION = YES;
				CLANG_WARN_INFINITE_RECURSION = YES;
				CLANG_WARN_INT_CONVERSION = YES;
				CLANG_WARN_NON_LITERAL_NULL_CONVERSION = YES;
				CLANG_WARN_OBJC_IMPLICIT_RETAIN_SELF = YES;
				CLANG_WARN_OBJC_LITERAL_CONVERSION = YES;
				CLANG_WARN_OBJC_ROOT_CLASS = YES_ERROR;
				CLANG_WARN_QUOTED_INCLUDE_IN_FRAMEWORK_HEADER = YES;
				CLANG_WARN_RANGE_LOOP_ANALYSIS = YES;
				CLANG_WARN_STRICT_PROTOTYPES = YES;
				CLANG_WARN_SUSPICIOUS_MOVE = YES;
				CLANG_WARN_UNGUARDED_AVAILABILITY = YES_AGGRESSIVE;
				CLANG_WARN_UNREACHABLE_CODE = YES;
				CLANG_WARN__DUPLICATE_METHOD_MATCH = YES;
				COPY_PHASE_STRIP = NO;
				DEBUG_INFORMATION_FORMAT = "dwarf-with-dsym";
				ENABLE_NS_ASSERTIONS = NO;
				ENABLE_STRICT_OBJC_MSGSEND = YES;
				GCC_C_LANGUAGE_STANDARD = gnu11;
				GCC_NO_COMMON_BLOCKS = YES;
				GCC_WARN_64_TO_32_BIT_CONVERSION = YES;
				GCC_WARN_ABOUT_RETURN_TYPE = YES_ERROR;
				GCC_WARN_UNDECLARED_SELECTOR = YES;
				GCC_WARN_UNINITIALIZED_AUTOS = YES_AGGRESSIVE;
				GCC_WARN_UNUSED_FUNCTION = YES;
				GCC_WARN_UNUSED_VARIABLE = YES;
				IPHONEOS_DEPLOYMENT_TARGET = 16.2;
				MTL_ENABLE_DEBUG_INFO = NO;
				MTL_FAST_MATH = YES;
				SDKROOT = iphoneos;
				SWIFT_COMPILATION_MODE = wholemodule;
				SWIFT_OPTIMIZATION_LEVEL = "-O";
				VALIDATE_PRODUCT = YES;
			};
			name = Release;
		};
		D53A233029AEE0AD00DD4E61 /* Debug */ = {
			isa = XCBuildConfiguration;
			buildSettings = {
				ASSETCATALOG_COMPILER_APPICON_NAME = AppIcon;
				ASSETCATALOG_COMPILER_GLOBAL_ACCENT_COLOR_NAME = AccentColor;
				CODE_SIGN_STYLE = Automatic;
				CURRENT_PROJECT_VERSION = 1;
				DEVELOPMENT_ASSET_PATHS = "\"MovieDB/Preview Content\"";
				ENABLE_PREVIEWS = YES;
				GENERATE_INFOPLIST_FILE = YES;
				INFOPLIST_KEY_UIApplicationSceneManifest_Generation = YES;
				INFOPLIST_KEY_UIApplicationSupportsIndirectInputEvents = YES;
				INFOPLIST_KEY_UILaunchScreen_Generation = YES;
				INFOPLIST_KEY_UISupportedInterfaceOrientations_iPad = "UIInterfaceOrientationPortrait UIInterfaceOrientationPortraitUpsideDown UIInterfaceOrientationLandscapeLeft UIInterfaceOrientationLandscapeRight";
				INFOPLIST_KEY_UISupportedInterfaceOrientations_iPhone = "UIInterfaceOrientationPortrait UIInterfaceOrientationLandscapeLeft UIInterfaceOrientationLandscapeRight";
				LD_RUNPATH_SEARCH_PATHS = (
					"$(inherited)",
					"@executable_path/Frameworks",
				);
				MARKETING_VERSION = 1.0;
				PRODUCT_BUNDLE_IDENTIFIER = com.pedroacevedo.MovieDB;
				PRODUCT_NAME = "$(TARGET_NAME)";
				SWIFT_EMIT_LOC_STRINGS = YES;
				SWIFT_VERSION = 5.0;
				TARGETED_DEVICE_FAMILY = "1,2";
			};
			name = Debug;
		};
		D53A233129AEE0AD00DD4E61 /* Release */ = {
			isa = XCBuildConfiguration;
			buildSettings = {
				ASSETCATALOG_COMPILER_APPICON_NAME = AppIcon;
				ASSETCATALOG_COMPILER_GLOBAL_ACCENT_COLOR_NAME = AccentColor;
				CODE_SIGN_STYLE = Automatic;
				CURRENT_PROJECT_VERSION = 1;
				DEVELOPMENT_ASSET_PATHS = "\"MovieDB/Preview Content\"";
				ENABLE_PREVIEWS = YES;
				GENERATE_INFOPLIST_FILE = YES;
				INFOPLIST_KEY_UIApplicationSceneManifest_Generation = YES;
				INFOPLIST_KEY_UIApplicationSupportsIndirectInputEvents = YES;
				INFOPLIST_KEY_UILaunchScreen_Generation = YES;
				INFOPLIST_KEY_UISupportedInterfaceOrientations_iPad = "UIInterfaceOrientationPortrait UIInterfaceOrientationPortraitUpsideDown UIInterfaceOrientationLandscapeLeft UIInterfaceOrientationLandscapeRight";
				INFOPLIST_KEY_UISupportedInterfaceOrientations_iPhone = "UIInterfaceOrientationPortrait UIInterfaceOrientationLandscapeLeft UIInterfaceOrientationLandscapeRight";
				LD_RUNPATH_SEARCH_PATHS = (
					"$(inherited)",
					"@executable_path/Frameworks",
				);
				MARKETING_VERSION = 1.0;
				PRODUCT_BUNDLE_IDENTIFIER = com.pedroacevedo.MovieDB;
				PRODUCT_NAME = "$(TARGET_NAME)";
				SWIFT_EMIT_LOC_STRINGS = YES;
				SWIFT_VERSION = 5.0;
				TARGETED_DEVICE_FAMILY = "1,2";
			};
			name = Release;
		};
		D53A233329AEE0AD00DD4E61 /* Debug */ = {
			isa = XCBuildConfiguration;
			buildSettings = {
				ALWAYS_EMBED_SWIFT_STANDARD_LIBRARIES = YES;
				BUNDLE_LOADER = "$(TEST_HOST)";
				CODE_SIGN_STYLE = Automatic;
				CURRENT_PROJECT_VERSION = 1;
				GENERATE_INFOPLIST_FILE = YES;
				IPHONEOS_DEPLOYMENT_TARGET = 16.2;
				MARKETING_VERSION = 1.0;
				PRODUCT_BUNDLE_IDENTIFIER = com.pedroacevedo.MovieDBTests;
				PRODUCT_NAME = "$(TARGET_NAME)";
				SWIFT_EMIT_LOC_STRINGS = NO;
				SWIFT_VERSION = 5.0;
				TARGETED_DEVICE_FAMILY = "1,2";
				TEST_HOST = "$(BUILT_PRODUCTS_DIR)/MovieDB.app/$(BUNDLE_EXECUTABLE_FOLDER_PATH)/MovieDB";
			};
			name = Debug;
		};
		D53A233429AEE0AD00DD4E61 /* Release */ = {
			isa = XCBuildConfiguration;
			buildSettings = {
				ALWAYS_EMBED_SWIFT_STANDARD_LIBRARIES = YES;
				BUNDLE_LOADER = "$(TEST_HOST)";
				CODE_SIGN_STYLE = Automatic;
				CURRENT_PROJECT_VERSION = 1;
				GENERATE_INFOPLIST_FILE = YES;
				IPHONEOS_DEPLOYMENT_TARGET = 16.2;
				MARKETING_VERSION = 1.0;
				PRODUCT_BUNDLE_IDENTIFIER = com.pedroacevedo.MovieDBTests;
				PRODUCT_NAME = "$(TARGET_NAME)";
				SWIFT_EMIT_LOC_STRINGS = NO;
				SWIFT_VERSION = 5.0;
				TARGETED_DEVICE_FAMILY = "1,2";
				TEST_HOST = "$(BUILT_PRODUCTS_DIR)/MovieDB.app/$(BUNDLE_EXECUTABLE_FOLDER_PATH)/MovieDB";
			};
			name = Release;
		};
		D53A233629AEE0AD00DD4E61 /* Debug */ = {
			isa = XCBuildConfiguration;
			buildSettings = {
				ALWAYS_EMBED_SWIFT_STANDARD_LIBRARIES = YES;
				CODE_SIGN_STYLE = Automatic;
				CURRENT_PROJECT_VERSION = 1;
				GENERATE_INFOPLIST_FILE = YES;
				MARKETING_VERSION = 1.0;
				PRODUCT_BUNDLE_IDENTIFIER = com.pedroacevedo.MovieDBUITests;
				PRODUCT_NAME = "$(TARGET_NAME)";
				SWIFT_EMIT_LOC_STRINGS = NO;
				SWIFT_VERSION = 5.0;
				TARGETED_DEVICE_FAMILY = "1,2";
				TEST_TARGET_NAME = MovieDB;
			};
			name = Debug;
		};
		D53A233729AEE0AD00DD4E61 /* Release */ = {
			isa = XCBuildConfiguration;
			buildSettings = {
				ALWAYS_EMBED_SWIFT_STANDARD_LIBRARIES = YES;
				CODE_SIGN_STYLE = Automatic;
				CURRENT_PROJECT_VERSION = 1;
				GENERATE_INFOPLIST_FILE = YES;
				MARKETING_VERSION = 1.0;
				PRODUCT_BUNDLE_IDENTIFIER = com.pedroacevedo.MovieDBUITests;
				PRODUCT_NAME = "$(TARGET_NAME)";
				SWIFT_EMIT_LOC_STRINGS = NO;
				SWIFT_VERSION = 5.0;
				TARGETED_DEVICE_FAMILY = "1,2";
				TEST_TARGET_NAME = MovieDB;
			};
			name = Release;
		};
/* End XCBuildConfiguration section */

/* Begin XCConfigurationList section */
		D53A230629AEE0AC00DD4E61 /* Build configuration list for PBXProject "MovieDB" */ = {
			isa = XCConfigurationList;
			buildConfigurations = (
				D53A232D29AEE0AD00DD4E61 /* Debug */,
				D53A232E29AEE0AD00DD4E61 /* Release */,
			);
			defaultConfigurationIsVisible = 0;
			defaultConfigurationName = Release;
		};
		D53A232F29AEE0AD00DD4E61 /* Build configuration list for PBXNativeTarget "MovieDB" */ = {
			isa = XCConfigurationList;
			buildConfigurations = (
				D53A233029AEE0AD00DD4E61 /* Debug */,
				D53A233129AEE0AD00DD4E61 /* Release */,
			);
			defaultConfigurationIsVisible = 0;
			defaultConfigurationName = Release;
		};
		D53A233229AEE0AD00DD4E61 /* Build configuration list for PBXNativeTarget "MovieDBTests" */ = {
			isa = XCConfigurationList;
			buildConfigurations = (
				D53A233329AEE0AD00DD4E61 /* Debug */,
				D53A233429AEE0AD00DD4E61 /* Release */,
			);
			defaultConfigurationIsVisible = 0;
			defaultConfigurationName = Release;
		};
		D53A233529AEE0AD00DD4E61 /* Build configuration list for PBXNativeTarget "MovieDBUITests" */ = {
			isa = XCConfigurationList;
			buildConfigurations = (
				D53A233629AEE0AD00DD4E61 /* Debug */,
				D53A233729AEE0AD00DD4E61 /* Release */,
			);
			defaultConfigurationIsVisible = 0;
			defaultConfigurationName = Release;
		};
/* End XCConfigurationList section */
	};
	rootObject = D53A230329AEE0AC00DD4E61 /* Project object */;
}
